
Microsoft Visual Studio Solution File, Format Version 12.00
# Visual Studio Version 17
VisualStudioVersion = 17.7.34031.279
MinimumVisualStudioVersion = 10.0.40219.1
Project("{FAE04EC0-301F-11D3-BF4B-00C04F79EFBC}") = "NewFile", "NewFile\NewFile.csproj", "{C1956EB2-751B-4055-8475-A1D754ACC737}"
EndProject
Global
	GlobalSection(SolutionConfigurationPlatforms) = preSolution
		Debug|Any CPU = Debug|Any CPU
		Release|Any CPU = Release|Any CPU
	EndGlobalSection
	GlobalSection(ProjectConfigurationPlatforms) = postSolution
		{C1956EB2-751B-4055-8475-A1D754ACC737}.Debug|Any CPU.ActiveCfg = Debug|Any CPU
		{C1956EB2-751B-4055-8475-A1D754ACC737}.Debug|Any CPU.Build.0 = Debug|Any CPU
		{C1956EB2-751B-4055-8475-A1D754ACC737}.Release|Any CPU.ActiveCfg = Release|Any CPU
		{C1956EB2-751B-4055-8475-A1D754ACC737}.Release|Any CPU.Build.0 = Release|Any CPU
	EndGlobalSection
	GlobalSection(SolutionProperties) = preSolution
		HideSolutionNode = FALSE
	EndGlobalSection
	GlobalSection(ExtensibilityGlobals) = postSolution
		SolutionGuid = {601C54B6-1E56-453D-99D6-707E0859334C}
	EndGlobalSection
EndGlobal
